
Microsoft Visual Studio Solution File, Format Version 12.00
# Visual Studio 15
VisualStudioVersion = 15.0.28010.2048
MinimumVisualStudioVersion = 10.0.40219.1
Project("{2150E333-8FDC-42A3-9474-1A3956D46DE8}") = "Common", "Common", "{7AE21723-CD2E-4969-B710-D0E0CFFD2821}"
EndProject
Project("{2150E333-8FDC-42A3-9474-1A3956D46DE8}") = "Microservices", "Microservices", "{33B41157-8F70-4C1B-9B46-E4BE48880479}"
EndProject
Project("{2150E333-8FDC-42A3-9474-1A3956D46DE8}") = "MessageQueuer", "MessageQueuer", "{D0A7E7AE-99D5-4325-9588-D3413EB808C0}"
EndProject
Project("{2150E333-8FDC-42A3-9474-1A3956D46DE8}") = "Simulators", "Simulators", "{55AD0D80-1731-472C-AEB2-9B0506537745}"
EndProject
Project("{9A19103F-16F7-4668-BE54-9A1E7A4F7556}") = "VehicleTracking.StatusMS", "VehicleTracking.StatusMS\VehicleTracking.StatusMS.csproj", "{0D86A3CC-8C10-43AD-B8A9-E2D4E8CFAADB}"
EndProject
Project("{2150E333-8FDC-42A3-9474-1A3956D46DE8}") = "Presentation", "Presentation", "{C9ACC2A3-C0C7-4AD2-9352-020AE928D22A}"
EndProject
Project("{9A19103F-16F7-4668-BE54-9A1E7A4F7556}") = "VehicleTracking.Web", "VehicleTracking.Web\VehicleTracking.Web.csproj", "{01AB61DC-7A4C-45BD-B55B-F61B3F4F3F00}"
EndProject
Project("{9A19103F-16F7-4668-BE54-9A1E7A4F7556}") = "VehicleTracking.Simulator", "VehicleTracking.Simulator\VehicleTracking.Simulator.csproj", "{2A5353F7-F3E1-4135-A18C-D493F174F722}"
EndProject
Project("{9A19103F-16F7-4668-BE54-9A1E7A4F7556}") = "VehicleTracking.DataMS", "VehicleTracking.DataMS\VehicleTracking.DataMS.csproj", "{949688D2-BE82-4FD8-A267-10F583D0478B}"
EndProject
Project("{2150E333-8FDC-42A3-9474-1A3956D46DE8}") = "Tests", "Tests", "{87112046-65B9-4964-BB22-7D02AD80D9EA}"
EndProject
Project("{9A19103F-16F7-4668-BE54-9A1E7A4F7556}") = "VehicleTracking.Models", "VehicleTracking.Models\VehicleTracking.Models.csproj", "{A7DC8C92-EA73-4A7F-8D13-CBBD4B2ED3BF}"
EndProject
Project("{9A19103F-16F7-4668-BE54-9A1E7A4F7556}") = "VehicleTracking.Common.MQ", "VehicleTracking.Common.MQ\VehicleTracking.Common.MQ.csproj", "{4D932570-D3A2-46EF-A0D8-B193A1C9CF2C}"
EndProject
Project("{9A19103F-16F7-4668-BE54-9A1E7A4F7556}") = "SubscriberApp", "SubscriberApp\SubscriberApp.csproj", "{95C0646C-54F4-41C3-BE35-EABB6F47E02C}"
EndProject
Project("{2150E333-8FDC-42A3-9474-1A3956D46DE8}") = "APIGateway", "APIGateway", "{3953ECBA-964F-488C-B42E-A93B7EB40410}"
EndProject
Project("{9A19103F-16F7-4668-BE54-9A1E7A4F7556}") = "VehicleTracking.API", "VehicleTracking.API\VehicleTracking.API.csproj", "{5F19008D-B65A-41EA-A002-FCDBB15A559F}"
EndProject
Global
	GlobalSection(SolutionConfigurationPlatforms) = preSolution
		Debug|Any CPU = Debug|Any CPU
		Release|Any CPU = Release|Any CPU
	EndGlobalSection
	GlobalSection(ProjectConfigurationPlatforms) = postSolution
		{0D86A3CC-8C10-43AD-B8A9-E2D4E8CFAADB}.Debug|Any CPU.ActiveCfg = Debug|Any CPU
		{0D86A3CC-8C10-43AD-B8A9-E2D4E8CFAADB}.Debug|Any CPU.Build.0 = Debug|Any CPU
		{0D86A3CC-8C10-43AD-B8A9-E2D4E8CFAADB}.Release|Any CPU.ActiveCfg = Release|Any CPU
		{0D86A3CC-8C10-43AD-B8A9-E2D4E8CFAADB}.Release|Any CPU.Build.0 = Release|Any CPU
		{01AB61DC-7A4C-45BD-B55B-F61B3F4F3F00}.Debug|Any CPU.ActiveCfg = Debug|Any CPU
		{01AB61DC-7A4C-45BD-B55B-F61B3F4F3F00}.Debug|Any CPU.Build.0 = Debug|Any CPU
		{01AB61DC-7A4C-45BD-B55B-F61B3F4F3F00}.Release|Any CPU.ActiveCfg = Release|Any CPU
		{01AB61DC-7A4C-45BD-B55B-F61B3F4F3F00}.Release|Any CPU.Build.0 = Release|Any CPU
		{2A5353F7-F3E1-4135-A18C-D493F174F722}.Debug|Any CPU.ActiveCfg = Debug|Any CPU
		{2A5353F7-F3E1-4135-A18C-D493F174F722}.Debug|Any CPU.Build.0 = Debug|Any CPU
		{2A5353F7-F3E1-4135-A18C-D493F174F722}.Release|Any CPU.ActiveCfg = Release|Any CPU
		{2A5353F7-F3E1-4135-A18C-D493F174F722}.Release|Any CPU.Build.0 = Release|Any CPU
		{949688D2-BE82-4FD8-A267-10F583D0478B}.Debug|Any CPU.ActiveCfg = Debug|Any CPU
		{949688D2-BE82-4FD8-A267-10F583D0478B}.Debug|Any CPU.Build.0 = Debug|Any CPU
		{949688D2-BE82-4FD8-A267-10F583D0478B}.Release|Any CPU.ActiveCfg = Release|Any CPU
		{949688D2-BE82-4FD8-A267-10F583D0478B}.Release|Any CPU.Build.0 = Release|Any CPU
		{A7DC8C92-EA73-4A7F-8D13-CBBD4B2ED3BF}.Debug|Any CPU.ActiveCfg = Debug|Any CPU
		{A7DC8C92-EA73-4A7F-8D13-CBBD4B2ED3BF}.Debug|Any CPU.Build.0 = Debug|Any CPU
		{A7DC8C92-EA73-4A7F-8D13-CBBD4B2ED3BF}.Release|Any CPU.ActiveCfg = Release|Any CPU
		{A7DC8C92-EA73-4A7F-8D13-CBBD4B2ED3BF}.Release|Any CPU.Build.0 = Release|Any CPU
		{4D932570-D3A2-46EF-A0D8-B193A1C9CF2C}.Debug|Any CPU.ActiveCfg = Debug|Any CPU
		{4D932570-D3A2-46EF-A0D8-B193A1C9CF2C}.Debug|Any CPU.Build.0 = Debug|Any CPU
		{4D932570-D3A2-46EF-A0D8-B193A1C9CF2C}.Release|Any CPU.ActiveCfg = Release|Any CPU
		{4D932570-D3A2-46EF-A0D8-B193A1C9CF2C}.Release|Any CPU.Build.0 = Release|Any CPU
		{95C0646C-54F4-41C3-BE35-EABB6F47E02C}.Debug|Any CPU.ActiveCfg = Debug|Any CPU
		{95C0646C-54F4-41C3-BE35-EABB6F47E02C}.Debug|Any CPU.Build.0 = Debug|Any CPU
		{95C0646C-54F4-41C3-BE35-EABB6F47E02C}.Release|Any CPU.ActiveCfg = Release|Any CPU
		{95C0646C-54F4-41C3-BE35-EABB6F47E02C}.Release|Any CPU.Build.0 = Release|Any CPU
		{5F19008D-B65A-41EA-A002-FCDBB15A559F}.Debug|Any CPU.ActiveCfg = Debug|Any CPU
		{5F19008D-B65A-41EA-A002-FCDBB15A559F}.Debug|Any CPU.Build.0 = Debug|Any CPU
		{5F19008D-B65A-41EA-A002-FCDBB15A559F}.Release|Any CPU.ActiveCfg = Release|Any CPU
		{5F19008D-B65A-41EA-A002-FCDBB15A559F}.Release|Any CPU.Build.0 = Release|Any CPU
	EndGlobalSection
	GlobalSection(SolutionProperties) = preSolution
		HideSolutionNode = FALSE
	EndGlobalSection
	GlobalSection(NestedProjects) = preSolution
		{0D86A3CC-8C10-43AD-B8A9-E2D4E8CFAADB} = {33B41157-8F70-4C1B-9B46-E4BE48880479}
		{01AB61DC-7A4C-45BD-B55B-F61B3F4F3F00} = {C9ACC2A3-C0C7-4AD2-9352-020AE928D22A}
		{2A5353F7-F3E1-4135-A18C-D493F174F722} = {55AD0D80-1731-472C-AEB2-9B0506537745}
		{949688D2-BE82-4FD8-A267-10F583D0478B} = {33B41157-8F70-4C1B-9B46-E4BE48880479}
		{A7DC8C92-EA73-4A7F-8D13-CBBD4B2ED3BF} = {7AE21723-CD2E-4969-B710-D0E0CFFD2821}
		{4D932570-D3A2-46EF-A0D8-B193A1C9CF2C} = {D0A7E7AE-99D5-4325-9588-D3413EB808C0}
		{5F19008D-B65A-41EA-A002-FCDBB15A559F} = {3953ECBA-964F-488C-B42E-A93B7EB40410}
	EndGlobalSection
	GlobalSection(ExtensibilityGlobals) = postSolution
		SolutionGuid = {8CBBEBA6-55FD-4C52-9702-037EB85928A4}
	EndGlobalSection
EndGlobal
